
Microsoft Visual Studio Solution File, Format Version 12.00
# Visual Studio Version 17
VisualStudioVersion = 17.0.31903.59
MinimumVisualStudioVersion = 10.0.40219.1
Project("{2150E333-8FDC-42A3-9474-1A3956D46DE8}") = "Source", "Source", "{6CFDBAA3-C469-483D-8ABE-16A7B20C5E4B}"
EndProject
Project("{2150E333-8FDC-42A3-9474-1A3956D46DE8}") = "Tests", "Tests", "{7A71A17F-0240-42F8-A5A2-EA3A51A101EF}"
EndProject
Project("{FAE04EC0-301F-11D3-BF4B-00C04F79EFBC}") = "Company.SupportHub.Application", "Source\Company\Company.SupportHub.Application\Company.SupportHub.Application.csproj", "{9BA51C4F-66C6-44DA-9D92-15C621BB087A}"
	ProjectSection(ProjectDependencies) = postProject
		{AC446990-BC8C-44B7-B6B3-1C381233284D} = {AC446990-BC8C-44B7-B6B3-1C381233284D}
		{8B414149-8EA7-4B8B-915F-1F1412319F22} = {8B414149-8EA7-4B8B-915F-1F1412319F22}
	EndProjectSection
EndProject
Project("{FAE04EC0-301F-11D3-BF4B-00C04F79EFBC}") = "Company.SupportHub.Domain", "Source\Company\Company.SupportHub.Domain\Company.SupportHub.Domain.csproj", "{AC446990-BC8C-44B7-B6B3-1C381233284D}"
EndProject
Project("{FAE04EC0-301F-11D3-BF4B-00C04F79EFBC}") = "Company.SupportHub.Infrastructure", "Source\Company\Company.SupportHub.Infrastructure\Company.SupportHub.Infrastructure.csproj", "{8B414149-8EA7-4B8B-915F-1F1412319F22}"
EndProject
Project("{FAE04EC0-301F-11D3-BF4B-00C04F79EFBC}") = "Company.SupportHub.API", "Source\Company\Company.SupportHub.API\Company.SupportHub.API.csproj", "{6E7944D7-93AB-4EF8-B800-FB8616882C2E}"
	ProjectSection(ProjectDependencies) = postProject
		{9BA51C4F-66C6-44DA-9D92-15C621BB087A} = {9BA51C4F-66C6-44DA-9D92-15C621BB087A}
	EndProjectSection
EndProject
Project("{FAE04EC0-301F-11D3-BF4B-00C04F79EFBC}") = "Company.SupportHub.UnitTesting", "Tests\Company\Company.SupportHub.UnitTesting\Company.SupportHub.UnitTesting.csproj", "{FAFD1EC5-9A3A-43C9-9782-8DD08A16B7DF}"
EndProject
Project("{FAE04EC0-301F-11D3-BF4B-00C04F79EFBC}") = "Company.SupportHub.IntegrationTesting", "Tests\Company\Company.SupportHub.IntegrationTesting\Company.SupportHub.IntegrationTesting.csproj", "{D13ED587-0A35-49D1-8324-709BE3DE381B}"
EndProject
Project("{2150E333-8FDC-42A3-9474-1A3956D46DE8}") = "Company", "Company", "{005EFE0F-97DE-4555-B07D-D194BB896CEF}"
EndProject
Project("{2150E333-8FDC-42A3-9474-1A3956D46DE8}") = "Company", "Company", "{24374E2C-54A9-4521-82F0-F06D4DEE53CD}"
EndProject
Project("{2150E333-8FDC-42A3-9474-1A3956D46DE8}") = "Customer", "Customer", "{F999D2E0-77BD-4C3D-A052-6799EE158197}"
EndProject
Project("{2150E333-8FDC-42A3-9474-1A3956D46DE8}") = "Customer", "Customer", "{23343564-EF31-4671-BD03-98F84456CFE5}"
EndProject
Project("{FAE04EC0-301F-11D3-BF4B-00C04F79EFBC}") = "Customer.SupportHub.Domain", "Source\Customer\Customer.SupportHub.Domain\Customer.SupportHub.Domain.csproj", "{C788339D-202D-445D-B41A-A69683D9E808}"
EndProject
Project("{FAE04EC0-301F-11D3-BF4B-00C04F79EFBC}") = "Customer.SupportHub.API", "Source\Customer\Customer.SupportHub.API\Customer.SupportHub.API.csproj", "{814E2EA8-F14C-4A8F-9DFB-F96A6511F572}"
EndProject
Project("{FAE04EC0-301F-11D3-BF4B-00C04F79EFBC}") = "Customer.SupportHub.Application", "Source\Customer\Customer.SupportHub.Application\Customer.SupportHub.Application.csproj", "{72505B70-0CCF-4643-A440-C266D2C3B4C4}"
EndProject
Project("{FAE04EC0-301F-11D3-BF4B-00C04F79EFBC}") = "Customer.SupportHub.Infrastructure", "Source\Customer\Customer.SupportHub.Infrastructure\Customer.SupportHub.Infrastructure.csproj", "{3C10B94E-1A8D-416D-902A-1D0989628406}"
EndProject
Project("{FAE04EC0-301F-11D3-BF4B-00C04F79EFBC}") = "Customer.SupportHub.IntegrationTesting", "Tests\Customer\Customer.SupportHub.IntegrationTesting\Customer.SupportHub.IntegrationTesting.csproj", "{186D1514-D70F-4EF2-881B-449734F9FF5F}"
EndProject
Project("{FAE04EC0-301F-11D3-BF4B-00C04F79EFBC}") = "Customer.SupportHub.UnitTesting", "Tests\Customer\Customer.SupportHub.UnitTesting\Customer.SupportHub.UnitTesting.csproj", "{DE6D7630-0D0B-4919-8B4B-94A0CA61BE0A}"
EndProject
Global
	GlobalSection(SolutionConfigurationPlatforms) = preSolution
		Debug|Any CPU = Debug|Any CPU
		Release|Any CPU = Release|Any CPU
	EndGlobalSection
	GlobalSection(SolutionProperties) = preSolution
		HideSolutionNode = FALSE
	EndGlobalSection
	GlobalSection(NestedProjects) = preSolution
		{005EFE0F-97DE-4555-B07D-D194BB896CEF} = {7A71A17F-0240-42F8-A5A2-EA3A51A101EF}
		{24374E2C-54A9-4521-82F0-F06D4DEE53CD} = {6CFDBAA3-C469-483D-8ABE-16A7B20C5E4B}
		{6E7944D7-93AB-4EF8-B800-FB8616882C2E} = {24374E2C-54A9-4521-82F0-F06D4DEE53CD}
		{9BA51C4F-66C6-44DA-9D92-15C621BB087A} = {24374E2C-54A9-4521-82F0-F06D4DEE53CD}
		{8B414149-8EA7-4B8B-915F-1F1412319F22} = {24374E2C-54A9-4521-82F0-F06D4DEE53CD}
		{AC446990-BC8C-44B7-B6B3-1C381233284D} = {24374E2C-54A9-4521-82F0-F06D4DEE53CD}
		{FAFD1EC5-9A3A-43C9-9782-8DD08A16B7DF} = {005EFE0F-97DE-4555-B07D-D194BB896CEF}
		{D13ED587-0A35-49D1-8324-709BE3DE381B} = {005EFE0F-97DE-4555-B07D-D194BB896CEF}
		{F999D2E0-77BD-4C3D-A052-6799EE158197} = {6CFDBAA3-C469-483D-8ABE-16A7B20C5E4B}
		{23343564-EF31-4671-BD03-98F84456CFE5} = {7A71A17F-0240-42F8-A5A2-EA3A51A101EF}
		{C788339D-202D-445D-B41A-A69683D9E808} = {F999D2E0-77BD-4C3D-A052-6799EE158197}
		{814E2EA8-F14C-4A8F-9DFB-F96A6511F572} = {F999D2E0-77BD-4C3D-A052-6799EE158197}
		{72505B70-0CCF-4643-A440-C266D2C3B4C4} = {F999D2E0-77BD-4C3D-A052-6799EE158197}
		{3C10B94E-1A8D-416D-902A-1D0989628406} = {F999D2E0-77BD-4C3D-A052-6799EE158197}
		{186D1514-D70F-4EF2-881B-449734F9FF5F} = {23343564-EF31-4671-BD03-98F84456CFE5}
		{DE6D7630-0D0B-4919-8B4B-94A0CA61BE0A} = {23343564-EF31-4671-BD03-98F84456CFE5}
	EndGlobalSection
	GlobalSection(ProjectConfigurationPlatforms) = postSolution
		{9BA51C4F-66C6-44DA-9D92-15C621BB087A}.Debug|Any CPU.ActiveCfg = Debug|Any CPU
		{9BA51C4F-66C6-44DA-9D92-15C621BB087A}.Debug|Any CPU.Build.0 = Debug|Any CPU
		{9BA51C4F-66C6-44DA-9D92-15C621BB087A}.Release|Any CPU.ActiveCfg = Release|Any CPU
		{9BA51C4F-66C6-44DA-9D92-15C621BB087A}.Release|Any CPU.Build.0 = Release|Any CPU
		{AC446990-BC8C-44B7-B6B3-1C381233284D}.Debug|Any CPU.ActiveCfg = Debug|Any CPU
		{AC446990-BC8C-44B7-B6B3-1C381233284D}.Debug|Any CPU.Build.0 = Debug|Any CPU
		{AC446990-BC8C-44B7-B6B3-1C381233284D}.Release|Any CPU.ActiveCfg = Release|Any CPU
		{AC446990-BC8C-44B7-B6B3-1C381233284D}.Release|Any CPU.Build.0 = Release|Any CPU
		{8B414149-8EA7-4B8B-915F-1F1412319F22}.Debug|Any CPU.ActiveCfg = Debug|Any CPU
		{8B414149-8EA7-4B8B-915F-1F1412319F22}.Debug|Any CPU.Build.0 = Debug|Any CPU
		{8B414149-8EA7-4B8B-915F-1F1412319F22}.Release|Any CPU.ActiveCfg = Release|Any CPU
		{8B414149-8EA7-4B8B-915F-1F1412319F22}.Release|Any CPU.Build.0 = Release|Any CPU
		{6E7944D7-93AB-4EF8-B800-FB8616882C2E}.Debug|Any CPU.ActiveCfg = Debug|Any CPU
		{6E7944D7-93AB-4EF8-B800-FB8616882C2E}.Debug|Any CPU.Build.0 = Debug|Any CPU
		{6E7944D7-93AB-4EF8-B800-FB8616882C2E}.Release|Any CPU.ActiveCfg = Release|Any CPU
		{6E7944D7-93AB-4EF8-B800-FB8616882C2E}.Release|Any CPU.Build.0 = Release|Any CPU
		{FAFD1EC5-9A3A-43C9-9782-8DD08A16B7DF}.Debug|Any CPU.ActiveCfg = Debug|Any CPU
		{FAFD1EC5-9A3A-43C9-9782-8DD08A16B7DF}.Debug|Any CPU.Build.0 = Debug|Any CPU
		{FAFD1EC5-9A3A-43C9-9782-8DD08A16B7DF}.Release|Any CPU.ActiveCfg = Release|Any CPU
		{FAFD1EC5-9A3A-43C9-9782-8DD08A16B7DF}.Release|Any CPU.Build.0 = Release|Any CPU
		{D13ED587-0A35-49D1-8324-709BE3DE381B}.Debug|Any CPU.ActiveCfg = Debug|Any CPU
		{D13ED587-0A35-49D1-8324-709BE3DE381B}.Debug|Any CPU.Build.0 = Debug|Any CPU
		{D13ED587-0A35-49D1-8324-709BE3DE381B}.Release|Any CPU.ActiveCfg = Release|Any CPU
		{D13ED587-0A35-49D1-8324-709BE3DE381B}.Release|Any CPU.Build.0 = Release|Any CPU
		{C788339D-202D-445D-B41A-A69683D9E808}.Debug|Any CPU.ActiveCfg = Debug|Any CPU
		{C788339D-202D-445D-B41A-A69683D9E808}.Debug|Any CPU.Build.0 = Debug|Any CPU
		{C788339D-202D-445D-B41A-A69683D9E808}.Release|Any CPU.ActiveCfg = Release|Any CPU
		{C788339D-202D-445D-B41A-A69683D9E808}.Release|Any CPU.Build.0 = Release|Any CPU
		{814E2EA8-F14C-4A8F-9DFB-F96A6511F572}.Debug|Any CPU.ActiveCfg = Debug|Any CPU
		{814E2EA8-F14C-4A8F-9DFB-F96A6511F572}.Debug|Any CPU.Build.0 = Debug|Any CPU
		{814E2EA8-F14C-4A8F-9DFB-F96A6511F572}.Release|Any CPU.ActiveCfg = Release|Any CPU
		{814E2EA8-F14C-4A8F-9DFB-F96A6511F572}.Release|Any CPU.Build.0 = Release|Any CPU
		{72505B70-0CCF-4643-A440-C266D2C3B4C4}.Debug|Any CPU.ActiveCfg = Debug|Any CPU
		{72505B70-0CCF-4643-A440-C266D2C3B4C4}.Debug|Any CPU.Build.0 = Debug|Any CPU
		{72505B70-0CCF-4643-A440-C266D2C3B4C4}.Release|Any CPU.ActiveCfg = Release|Any CPU
		{72505B70-0CCF-4643-A440-C266D2C3B4C4}.Release|Any CPU.Build.0 = Release|Any CPU
		{3C10B94E-1A8D-416D-902A-1D0989628406}.Debug|Any CPU.ActiveCfg = Debug|Any CPU
		{3C10B94E-1A8D-416D-902A-1D0989628406}.Debug|Any CPU.Build.0 = Debug|Any CPU
		{3C10B94E-1A8D-416D-902A-1D0989628406}.Release|Any CPU.ActiveCfg = Release|Any CPU
		{3C10B94E-1A8D-416D-902A-1D0989628406}.Release|Any CPU.Build.0 = Release|Any CPU
		{186D1514-D70F-4EF2-881B-449734F9FF5F}.Debug|Any CPU.ActiveCfg = Debug|Any CPU
		{186D1514-D70F-4EF2-881B-449734F9FF5F}.Debug|Any CPU.Build.0 = Debug|Any CPU
		{186D1514-D70F-4EF2-881B-449734F9FF5F}.Release|Any CPU.ActiveCfg = Release|Any CPU
		{186D1514-D70F-4EF2-881B-449734F9FF5F}.Release|Any CPU.Build.0 = Release|Any CPU
		{DE6D7630-0D0B-4919-8B4B-94A0CA61BE0A}.Debug|Any CPU.ActiveCfg = Debug|Any CPU
		{DE6D7630-0D0B-4919-8B4B-94A0CA61BE0A}.Debug|Any CPU.Build.0 = Debug|Any CPU
		{DE6D7630-0D0B-4919-8B4B-94A0CA61BE0A}.Release|Any CPU.ActiveCfg = Release|Any CPU
		{DE6D7630-0D0B-4919-8B4B-94A0CA61BE0A}.Release|Any CPU.Build.0 = Release|Any CPU
	EndGlobalSection
EndGlobal
